<?xml version="1.0" encoding="utf-8"?>
<Project ToolsVersion="4.0" xmlns="http://schemas.microsoft.com/developer/msbuild/2003">
  <ItemGroup>
    <Filter Include="Quelldateien">
      <UniqueIdentifier>{4FC737F1-C7A5-4376-A066-2A32D752A2FF}</UniqueIdentifier>
      <Extensions>cpp;c;cc;cxx;def;odl;idl;hpj;bat;asm;asmx</Extensions>
    </Filter>
    <Filter Include="Headerdateien">
      <UniqueIdentifier>{93995380-89BD-4b04-88EB-625FBE52EBFB}</UniqueIdentifier>
      <Extensions>h;hh;hpp;hxx;hm;inl;inc;xsd</Extensions>
    </Filter>
    <Filter Include="Ressourcendateien">
      <UniqueIdentifier>{67DA6AB6-F800-4c08-8B7A-83BB121AAD01}</UniqueIdentifier>
      <Extensions>rc;ico;cur;bmp;dlg;rc2;rct;bin;rgs;gif;jpg;jpeg;jpe;resx;tiff;tif;png;wav;mfcribbon-ms</Extensions>
    </Filter>
  </ItemGroup>
  <ItemGroup>
    <Text Include="ReadMe.txt" />
  </ItemGroup>
  <ItemGroup>
    <ClInclude Include="targetver.h">
      <Filter>Headerdateien</Filter>
    </ClInclude>
    <ClInclude Include="OBalken.h">
      <Filter>Headerdateien</Filter>
    </ClInclude>
    <ClInclude Include="ODatum.h">
      <Filter>Headerdateien</Filter>
    </ClInclude>
    <ClInclude Include="OEditBox.h">
      <Filter>Headerdateien</Filter>
    </ClInclude>
    <ClInclude Include="OEditZeile.h">
      <Filter>Headerdateien</Filter>
    </ClInclude>
    <ClInclude Include="OKlappBox.h">
      <Filter>Headerdateien</Filter>
    </ClInclude>
    <ClInclude Include="OKnopf.h">
      <Filter>Headerdateien</Filter>
    </ClInclude>
    <ClInclude Include="OLeuchte.h">
      <Filter>Headerdateien</Filter>
    </ClInclude>
    <ClInclude Include="OListBox.h">
      <Filter>Headerdateien</Filter>
    </ClInclude>
    <ClInclude Include="OPasswort.h">
      <Filter>Headerdateien</Filter>
    </ClInclude>
    <ClInclude Include="OSchalter.h">
      <Filter>Headerdateien</Filter>
    </ClInclude>
    <ClInclude Include="OSchalterGruppe.h">
      <Filter>Headerdateien</Filter>
    </ClInclude>
    <ClInclude Include="OTextBox.h">
      <Filter>Headerdateien</Filter>
    </ClInclude>
    <ClInclude Include="OTextZeile.h">
      <Filter>Headerdateien</Filter>
    </ClInclude>
    <ClInclude Include="resource.h">
      <Filter>Headerdateien</Filter>
    </ClInclude>
    <ClInclude Include="HStdElem.h">
      <Filter>Headerdateien</Filter>
    </ClInclude>
  </ItemGroup>
  <ItemGroup>
    <ClCompile Include="StdElem.cpp">
      <Filter>Quelldateien</Filter>
    </ClCompile>
    <ClCompile Include="OBalken.cpp">
      <Filter>Quelldateien</Filter>
    </ClCompile>
    <ClCompile Include="ODatum.cpp">
      <Filter>Quelldateien</Filter>
    </ClCompile>
    <ClCompile Include="OEditBox.cpp">
      <Filter>Quelldateien</Filter>
    </ClCompile>
    <ClCompile Include="OEditZeile.cpp">
      <Filter>Quelldateien</Filter>
    </ClCompile>
    <ClCompile Include="OKlappBox.cpp">
      <Filter>Quelldateien</Filter>
    </ClCompile>
    <ClCompile Include="OKnopf.cpp">
      <Filter>Quelldateien</Filter>
    </ClCompile>
    <ClCompile Include="OLeuchte.cpp">
      <Filter>Quelldateien</Filter>
    </ClCompile>
    <ClCompile Include="OListBox.cpp">
      <Filter>Quelldateien</Filter>
    </ClCompile>
    <ClCompile Include="OPasswort.cpp">
      <Filter>Quelldateien</Filter>
    </ClCompile>
    <ClCompile Include="OSchalter.cpp">
      <Filter>Quelldateien</Filter>
    </ClCompile>
    <ClCompile Include="OSchalterGruppe.cpp">
      <Filter>Quelldateien</Filter>
    </ClCompile>
    <ClCompile Include="OTextBox.cpp">
      <Filter>Quelldateien</Filter>
    </ClCompile>
    <ClCompile Include="OTextZeile.cpp">
      <Filter>Quelldateien</Filter>
    </ClCompile>
    <ClCompile Include="HStdElem.cpp">
      <Filter>Quelldateien</Filter>
    </ClCompile>
  </ItemGroup>
  <ItemGroup>
    <ResourceCompile Include="StdElem.rc">
      <Filter>Ressourcendateien</Filter>
    </ResourceCompile>
  </ItemGroup>
  <ItemGroup>
    <None Include="ClassDiagram.cd" />
  </ItemGroup>
</Project>